// !$*UTF8*$!
{
	archiveVersion = 1;
	classes = {
	};
	objectVersion = 50;
	objects = {

/* Begin PBXBuildFile section */
		D219FB0E2614CC9500486152 /* PeriodTableViewController.swift in Sources */ = {isa = PBXBuildFile; fileRef = D219FB0D2614CC9500486152 /* PeriodTableViewController.swift */; };
		D2626DD2260B91D500BD38C1 /* AppDelegate.swift in Sources */ = {isa = PBXBuildFile; fileRef = D2626DD1260B91D500BD38C1 /* AppDelegate.swift */; };
		D2626DD4260B91D500BD38C1 /* SceneDelegate.swift in Sources */ = {isa = PBXBuildFile; fileRef = D2626DD3260B91D500BD38C1 /* SceneDelegate.swift */; };
		D2626DD9260B91D500BD38C1 /* Main.storyboard in Resources */ = {isa = PBXBuildFile; fileRef = D2626DD7260B91D500BD38C1 /* Main.storyboard */; };
		D2626DDB260B91DB00BD38C1 /* Assets.xcassets in Resources */ = {isa = PBXBuildFile; fileRef = D2626DDA260B91DB00BD38C1 /* Assets.xcassets */; };
		D2626DDE260B91DB00BD38C1 /* LaunchScreen.storyboard in Resources */ = {isa = PBXBuildFile; fileRef = D2626DDC260B91DB00BD38C1 /* LaunchScreen.storyboard */; };
		D2626DE9260B91DC00BD38C1 /* PickADriverTests.swift in Sources */ = {isa = PBXBuildFile; fileRef = D2626DE8260B91DC00BD38C1 /* PickADriverTests.swift */; };
		D2626DF4260B91DC00BD38C1 /* PickADriverUITests.swift in Sources */ = {isa = PBXBuildFile; fileRef = D2626DF3260B91DC00BD38C1 /* PickADriverUITests.swift */; };
		D2626E08260B928300BD38C1 /* NamesTableViewController.swift in Sources */ = {isa = PBXBuildFile; fileRef = D2626E07260B928300BD38C1 /* NamesTableViewController.swift */; };
/* End PBXBuildFile section */

/* Begin PBXContainerItemProxy section */
		D2626DE5260B91DC00BD38C1 /* PBXContainerItemProxy */ = {
			isa = PBXContainerItemProxy;
			containerPortal = D2626DC6260B91D500BD38C1 /* Project object */;
			proxyType = 1;
			remoteGlobalIDString = D2626DCD260B91D500BD38C1;
			remoteInfo = PickADriver;
		};
		D2626DF0260B91DC00BD38C1 /* PBXContainerItemProxy */ = {
			isa = PBXContainerItemProxy;
			containerPortal = D2626DC6260B91D500BD38C1 /* Project object */;
			proxyType = 1;
			remoteGlobalIDString = D2626DCD260B91D500BD38C1;
			remoteInfo = PickADriver;
		};
/* End PBXContainerItemProxy section */

/* Begin PBXFileReference section */
		D219FB0D2614CC9500486152 /* PeriodTableViewController.swift */ = {isa = PBXFileReference; lastKnownFileType = sourcecode.swift; path = PeriodTableViewController.swift; sourceTree = "<group>"; };
		D2626DCE260B91D500BD38C1 /* PickADriver.app */ = {isa = PBXFileReference; explicitFileType = wrapper.application; includeInIndex = 0; path = PickADriver.app; sourceTree = BUILT_PRODUCTS_DIR; };
		D2626DD1260B91D500BD38C1 /* AppDelegate.swift */ = {isa = PBXFileReference; lastKnownFileType = sourcecode.swift; path = AppDelegate.swift; sourceTree = "<group>"; };
		D2626DD3260B91D500BD38C1 /* SceneDelegate.swift */ = {isa = PBXFileReference; lastKnownFileType = sourcecode.swift; path = SceneDelegate.swift; sourceTree = "<group>"; };
		D2626DD8260B91D500BD38C1 /* Base */ = {isa = PBXFileReference; lastKnownFileType = file.storyboard; name = Base; path = Base.lproj/Main.storyboard; sourceTree = "<group>"; };
		D2626DDA260B91DB00BD38C1 /* Assets.xcassets */ = {isa = PBXFileReference; lastKnownFileType = folder.assetcatalog; path = Assets.xcassets; sourceTree = "<group>"; };
		D2626DDD260B91DB00BD38C1 /* Base */ = {isa = PBXFileReference; lastKnownFileType = file.storyboard; name = Base; path = Base.lproj/LaunchScreen.storyboard; sourceTree = "<group>"; };
		D2626DDF260B91DB00BD38C1 /* Info.plist */ = {isa = PBXFileReference; lastKnownFileType = text.plist.xml; path = Info.plist; sourceTree = "<group>"; };
		D2626DE4260B91DC00BD38C1 /* PickADriverTests.xctest */ = {isa = PBXFileReference; explicitFileType = wrapper.cfbundle; includeInIndex = 0; path = PickADriverTests.xctest; sourceTree = BUILT_PRODUCTS_DIR; };
		D2626DE8260B91DC00BD38C1 /* PickADriverTests.swift */ = {isa = PBXFileReference; lastKnownFileType = sourcecode.swift; path = PickADriverTests.swift; sourceTree = "<group>"; };
		D2626DEA260B91DC00BD38C1 /* Info.plist */ = {isa = PBXFileReference; lastKnownFileType = text.plist.xml; path = Info.plist; sourceTree = "<group>"; };
		D2626DEF260B91DC00BD38C1 /* PickADriverUITests.xctest */ = {isa = PBXFileReference; explicitFileType = wrapper.cfbundle; includeInIndex = 0; path = PickADriverUITests.xctest; sourceTree = BUILT_PRODUCTS_DIR; };
		D2626DF3260B91DC00BD38C1 /* PickADriverUITests.swift */ = {isa = PBXFileReference; lastKnownFileType = sourcecode.swift; path = PickADriverUITests.swift; sourceTree = "<group>"; };
		D2626DF5260B91DC00BD38C1 /* Info.plist */ = {isa = PBXFileReference; lastKnownFileType = text.plist.xml; path = Info.plist; sourceTree = "<group>"; };
		D2626E07260B928300BD38C1 /* NamesTableViewController.swift */ = {isa = PBXFileReference; lastKnownFileType = sourcecode.swift; path = NamesTableViewController.swift; sourceTree = "<group>"; };
/* End PBXFileReference section */

/* Begin PBXFrameworksBuildPhase section */
		D2626DCB260B91D500BD38C1 /* Frameworks */ = {
			isa = PBXFrameworksBuildPhase;
			buildActionMask = 2147483647;
			files = (
			);
			runOnlyForDeploymentPostprocessing = 0;
		};
		D2626DE1260B91DC00BD38C1 /* Frameworks */ = {
			isa = PBXFrameworksBuildPhase;
			buildActionMask = 2147483647;
			files = (
			);
			runOnlyForDeploymentPostprocessing = 0;
		};
		D2626DEC260B91DC00BD38C1 /* Frameworks */ = {
			isa = PBXFrameworksBuildPhase;
			buildActionMask = 2147483647;
			files = (
			);
			runOnlyForDeploymentPostprocessing = 0;
		};
/* End PBXFrameworksBuildPhase section */

/* Begin PBXGroup section */
		D2626DC5260B91D500BD38C1 = {
			isa = PBXGroup;
			children = (
				D2626DD0260B91D500BD38C1 /* PickADriver */,
				D2626DE7260B91DC00BD38C1 /* PickADriverTests */,
				D2626DF2260B91DC00BD38C1 /* PickADriverUITests */,
				D2626DCF260B91D500BD38C1 /* Products */,
			);
			sourceTree = "<group>";
		};
		D2626DCF260B91D500BD38C1 /* Products */ = {
			isa = PBXGroup;
			children = (
				D2626DCE260B91D500BD38C1 /* PickADriver.app */,
				D2626DE4260B91DC00BD38C1 /* PickADriverTests.xctest */,
				D2626DEF260B91DC00BD38C1 /* PickADriverUITests.xctest */,
			);
			name = Products;
			sourceTree = "<group>";
		};
		D2626DD0260B91D500BD38C1 /* PickADriver */ = {
			isa = PBXGroup;
			children = (
				D2626DD1260B91D500BD38C1 /* AppDelegate.swift */,
				D2626DD3260B91D500BD38C1 /* SceneDelegate.swift */,
				D2626DD7260B91D500BD38C1 /* Main.storyboard */,
				D2626E07260B928300BD38C1 /* NamesTableViewController.swift */,
				D219FB0D2614CC9500486152 /* PeriodTableViewController.swift */,
				D2626DDA260B91DB00BD38C1 /* Assets.xcassets */,
				D2626DDC260B91DB00BD38C1 /* LaunchScreen.storyboard */,
				D2626DDF260B91DB00BD38C1 /* Info.plist */,
			);
			path = PickADriver;
			sourceTree = "<group>";
		};
		D2626DE7260B91DC00BD38C1 /* PickADriverTests */ = {
			isa = PBXGroup;
			children = (
				D2626DE8260B91DC00BD38C1 /* PickADriverTests.swift */,
				D2626DEA260B91DC00BD38C1 /* Info.plist */,
			);
			path = PickADriverTests;
			sourceTree = "<group>";
		};
		D2626DF2260B91DC00BD38C1 /* PickADriverUITests */ = {
			isa = PBXGroup;
			children = (
				D2626DF3260B91DC00BD38C1 /* PickADriverUITests.swift */,
				D2626DF5260B91DC00BD38C1 /* Info.plist */,
			);
			path = PickADriverUITests;
			sourceTree = "<group>";
		};
/* End PBXGroup section */

/* Begin PBXNativeTarget section */
		D2626DCD260B91D500BD38C1 /* PickADriver */ = {
			isa = PBXNativeTarget;
			buildConfigurationList = D2626DF8260B91DC00BD38C1 /* Build configuration list for PBXNativeTarget "PickADriver" */;
			buildPhases = (
				D2626DCA260B91D500BD38C1 /* Sources */,
				D2626DCB260B91D500BD38C1 /* Frameworks */,
				D2626DCC260B91D500BD38C1 /* Resources */,
			);
			buildRules = (
			);
			dependencies = (
			);
			name = PickADriver;
			productName = PickADriver;
			productReference = D2626DCE260B91D500BD38C1 /* PickADriver.app */;
			productType = "com.apple.product-type.application";
		};
		D2626DE3260B91DC00BD38C1 /* PickADriverTests */ = {
			isa = PBXNativeTarget;
			buildConfigurationList = D2626DFB260B91DC00BD38C1 /* Build configuration list for PBXNativeTarget "PickADriverTests" */;
			buildPhases = (
				D2626DE0260B91DC00BD38C1 /* Sources */,
				D2626DE1260B91DC00BD38C1 /* Frameworks */,
				D2626DE2260B91DC00BD38C1 /* Resources */,
			);
			buildRules = (
			);
			dependencies = (
				D2626DE6260B91DC00BD38C1 /* PBXTargetDependency */,
			);
			name = PickADriverTests;
			productName = PickADriverTests;
			productReference = D2626DE4260B91DC00BD38C1 /* PickADriverTests.xctest */;
			productType = "com.apple.product-type.bundle.unit-test";
		};
		D2626DEE260B91DC00BD38C1 /* PickADriverUITests */ = {
			isa = PBXNativeTarget;
			buildConfigurationList = D2626DFE260B91DC00BD38C1 /* Build configuration list for PBXNativeTarget "PickADriverUITests" */;
			buildPhases = (
				D2626DEB260B91DC00BD38C1 /* Sources */,
				D2626DEC260B91DC00BD38C1 /* Frameworks */,
				D2626DED260B91DC00BD38C1 /* Resources */,
			);
			buildRules = (
			);
			dependencies = (
				D2626DF1260B91DC00BD38C1 /* PBXTargetDependency */,
			);
			name = PickADriverUITests;
			productName = PickADriverUITests;
			productReference = D2626DEF260B91DC00BD38C1 /* PickADriverUITests.xctest */;
			productType = "com.apple.product-type.bundle.ui-testing";
		};
/* End PBXNativeTarget section */

/* Begin PBXProject section */
		D2626DC6260B91D500BD38C1 /* Project object */ = {
			isa = PBXProject;
			attributes = {
				LastSwiftUpdateCheck = 1230;
				LastUpgradeCheck = 1230;
				TargetAttributes = {
					D2626DCD260B91D500BD38C1 = {
						CreatedOnToolsVersion = 12.3;
					};
					D2626DE3260B91DC00BD38C1 = {
						CreatedOnToolsVersion = 12.3;
						TestTargetID = D2626DCD260B91D500BD38C1;
					};
					D2626DEE260B91DC00BD38C1 = {
						CreatedOnToolsVersion = 12.3;
						TestTargetID = D2626DCD260B91D500BD38C1;
					};
				};
			};
			buildConfigurationList = D2626DC9260B91D500BD38C1 /* Build configuration list for PBXProject "PickADriver" */;
			compatibilityVersion = "Xcode 9.3";
			developmentRegion = en;
			hasScannedForEncodings = 0;
			knownRegions = (
				en,
				Base,
			);
			mainGroup = D2626DC5260B91D500BD38C1;
			productRefGroup = D2626DCF260B91D500BD38C1 /* Products */;
			projectDirPath = "";
			projectRoot = "";
			targets = (
				D2626DCD260B91D500BD38C1 /* PickADriver */,
				D2626DE3260B91DC00BD38C1 /* PickADriverTests */,
				D2626DEE260B91DC00BD38C1 /* PickADriverUITests */,
			);
		};
/* End PBXProject section */

/* Begin PBXResourcesBuildPhase section */
		D2626DCC260B91D500BD38C1 /* Resources */ = {
			isa = PBXResourcesBuildPhase;
			buildActionMask = 2147483647;
			files = (
				D2626DDE260B91DB00BD38C1 /* LaunchScreen.storyboard in Resources */,
				D2626DDB260B91DB00BD38C1 /* Assets.xcassets in Resources */,
				D2626DD9260B91D500BD38C1 /* Main.storyboard in Resources */,
			);
			runOnlyForDeploymentPostprocessing = 0;
		};
		D2626DE2260B91DC00BD38C1 /* Resources */ = {
			isa = PBXResourcesBuildPhase;
			buildActionMask = 2147483647;
			files = (
			);
			runOnlyForDeploymentPostprocessing = 0;
		};
		D2626DED260B91DC00BD38C1 /* Resources */ = {
			isa = PBXResourcesBuildPhase;
			buildActionMask = 2147483647;
			files = (
			);
			runOnlyForDeploymentPostprocessing = 0;
		};
/* End PBXResourcesBuildPhase section */

/* Begin PBXSourcesBuildPhase section */
		D2626DCA260B91D500BD38C1 /* Sources */ = {
			isa = PBXSourcesBuildPhase;
			buildActionMask = 2147483647;
			files = (
				D219FB0E2614CC9500486152 /* PeriodTableViewController.swift in Sources */,
				D2626DD2260B91D500BD38C1 /* AppDelegate.swift in Sources */,
				D2626E08260B928300BD38C1 /* NamesTableViewController.swift in Sources */,
				D2626DD4260B91D500BD38C1 /* SceneDelegate.swift in Sources */,
			);
			runOnlyForDeploymentPostprocessing = 0;
		};
		D2626DE0260B91DC00BD38C1 /* Sources */ = {
			isa = PBXSourcesBuildPhase;
			buildActionMask = 2147483647;
			files = (
				D2626DE9260B91DC00BD38C1 /* PickADriverTests.swift in Sources */,
			);
			runOnlyForDeploymentPostprocessing = 0;
		};
		D2626DEB260B91DC00BD38C1 /* Sources */ = {
			isa = PBXSourcesBuildPhase;
			buildActionMask = 2147483647;
			files = (
				D2626DF4260B91DC00BD38C1 /* PickADriverUITests.swift in Sources */,
			);
			runOnlyForDeploymentPostprocessing = 0;
		};
/* End PBXSourcesBuildPhase section */

/* Begin PBXTargetDependency section */
		D2626DE6260B91DC00BD38C1 /* PBXTargetDependency */ = {
			isa = PBXTargetDependency;
			target = D2626DCD260B91D500BD38C1 /* PickADriver */;
			targetProxy = D2626DE5260B91DC00BD38C1 /* PBXContainerItemProxy */;
		};
		D2626DF1260B91DC00BD38C1 /* PBXTargetDependency */ = {
			isa = PBXTargetDependency;
			target = D2626DCD260B91D500BD38C1 /* PickADriver */;
			targetProxy = D2626DF0260B91DC00BD38C1 /* PBXContainerItemProxy */;
		};
/* End PBXTargetDependency section */

/* Begin PBXVariantGroup section */
		D2626DD7260B91D500BD38C1 /* Main.storyboard */ = {
			isa = PBXVariantGroup;
			children = (
				D2626DD8260B91D500BD38C1 /* Base */,
			);
			name = Main.storyboard;
			sourceTree = "<group>";
		};
		D2626DDC260B91DB00BD38C1 /* LaunchScreen.storyboard */ = {
			isa = PBXVariantGroup;
			children = (
				D2626DDD260B91DB00BD38C1 /* Base */,
			);
			name = LaunchScreen.storyboard;
			sourceTree = "<group>";
		};
/* End PBXVariantGroup section */

/* Begin XCBuildConfiguration section */
		D2626DF6260B91DC00BD38C1 /* Debug */ = {
			isa = XCBuildConfiguration;
			buildSettings = {
				ALWAYS_SEARCH_USER_PATHS = NO;
				CLANG_ANALYZER_NONNULL = YES;
				CLANG_ANALYZER_NUMBER_OBJECT_CONVERSION = YES_AGGRESSIVE;
				CLANG_CXX_LANGUAGE_STANDARD = "gnu++14";
				CLANG_CXX_LIBRARY = "libc++";
				CLANG_ENABLE_MODULES = YES;
				CLANG_ENABLE_OBJC_ARC = YES;
				CLANG_ENABLE_OBJC_WEAK = YES;
				CLANG_WARN_BLOCK_CAPTURE_AUTORELEASING = YES;
				CLANG_WARN_BOOL_CONVERSION = YES;
				CLANG_WARN_COMMA = YES;
				CLANG_WARN_CONSTANT_CONVERSION = YES;
				CLANG_WARN_DEPRECATED_OBJC_IMPLEMENTATIONS = YES;
				CLANG_WARN_DIRECT_OBJC_ISA_USAGE = YES_ERROR;
				CLANG_WARN_DOCUMENTATION_COMMENTS = YES;
				CLANG_WARN_EMPTY_BODY = YES;
				CLANG_WARN_ENUM_CONVERSION = YES;
				CLANG_WARN_INFINITE_RECURSION = YES;
				CLANG_WARN_INT_CONVERSION = YES;
				CLANG_WARN_NON_LITERAL_NULL_CONVERSION = YES;
				CLANG_WARN_OBJC_IMPLICIT_RETAIN_SELF = YES;
				CLANG_WARN_OBJC_LITERAL_CONVERSION = YES;
				CLANG_WARN_OBJC_ROOT_CLASS = YES_ERROR;
				CLANG_WARN_QUOTED_INCLUDE_IN_FRAMEWORK_HEADER = YES;
				CLANG_WARN_RANGE_LOOP_ANALYSIS = YES;
				CLANG_WARN_STRICT_PROTOTYPES = YES;
				CLANG_WARN_SUSPICIOUS_MOVE = YES;
				CLANG_WARN_UNGUARDED_AVAILABILITY = YES_AGGRESSIVE;
				CLANG_WARN_UNREACHABLE_CODE = YES;
				CLANG_WARN__DUPLICATE_METHOD_MATCH = YES;
				COPY_PHASE_STRIP = NO;
				DEBUG_INFORMATION_FORMAT = dwarf;
				ENABLE_STRICT_OBJC_MSGSEND = YES;
				ENABLE_TESTABILITY = YES;
				GCC_C_LANGUAGE_STANDARD = gnu11;
				GCC_DYNAMIC_NO_PIC = NO;
				GCC_NO_COMMON_BLOCKS = YES;
				GCC_OPTIMIZATION_LEVEL = 0;
				GCC_PREPROCESSOR_DEFINITIONS = (
					"DEBUG=1",
					"$(inherited)",
				);
				GCC_WARN_64_TO_32_BIT_CONVERSION = YES;
				GCC_WARN_ABOUT_RETURN_TYPE = YES_ERROR;
				GCC_WARN_UNDECLARED_SELECTOR = YES;
				GCC_WARN_UNINITIALIZED_AUTOS = YES_AGGRESSIVE;
				GCC_WARN_UNUSED_FUNCTION = YES;
				GCC_WARN_UNUSED_VARIABLE = YES;
				IPHONEOS_DEPLOYMENT_TARGET = 14.3;
				MTL_ENABLE_DEBUG_INFO = INCLUDE_SOURCE;
				MTL_FAST_MATH = YES;
				ONLY_ACTIVE_ARCH = YES;
				SDKROOT = iphoneos;
				SWIFT_ACTIVE_COMPILATION_CONDITIONS = DEBUG;
				SWIFT_OPTIMIZATION_LEVEL = "-Onone";
			};
			name = Debug;
		};
		D2626DF7260B91DC00BD38C1 /* Release */ = {
			isa = XCBuildConfiguration;
			buildSettings = {
				ALWAYS_SEARCH_USER_PATHS = NO;
				CLANG_ANALYZER_NONNULL = YES;
				CLANG_ANALYZER_NUMBER_OBJECT_CONVERSION = YES_AGGRESSIVE;
				CLANG_CXX_LANGUAGE_STANDARD = "gnu++14";
				CLANG_CXX_LIBRARY = "libc++";
				CLANG_ENABLE_MODULES = YES;
				CLANG_ENABLE_OBJC_ARC = YES;
				CLANG_ENABLE_OBJC_WEAK = YES;
				CLANG_WARN_BLOCK_CAPTURE_AUTORELEASING = YES;
				CLANG_WARN_BOOL_CONVERSION = YES;
				CLANG_WARN_COMMA = YES;
				CLANG_WARN_CONSTANT_CONVERSION = YES;
				CLANG_WARN_DEPRECATED_OBJC_IMPLEMENTATIONS = YES;
				CLANG_WARN_DIRECT_OBJC_ISA_USAGE = YES_ERROR;
				CLANG_WARN_DOCUMENTATION_COMMENTS = YES;
				CLANG_WARN_EMPTY_BODY = YES;
				CLANG_WARN_ENUM_CONVERSION = YES;
				CLANG_WARN_INFINITE_RECURSION = YES;
				CLANG_WARN_INT_CONVERSION = YES;
				CLANG_WARN_NON_LITERAL_NULL_CONVERSION = YES;
				CLANG_WARN_OBJC_IMPLICIT_RETAIN_SELF = YES;
				CLANG_WARN_OBJC_LITERAL_CONVERSION = YES;
				CLANG_WARN_OBJC_ROOT_CLASS = YES_ERROR;
				CLANG_WARN_QUOTED_INCLUDE_IN_FRAMEWORK_HEADER = YES;
				CLANG_WARN_RANGE_LOOP_ANALYSIS = YES;
				CLANG_WARN_STRICT_PROTOTYPES = YES;
				CLANG_WARN_SUSPICIOUS_MOVE = YES;
				CLANG_WARN_UNGUARDED_AVAILABILITY = YES_AGGRESSIVE;
				CLANG_WARN_UNREACHABLE_CODE = YES;
				CLANG_WARN__DUPLICATE_METHOD_MATCH = YES;
				COPY_PHASE_STRIP = NO;
				DEBUG_INFORMATION_FORMAT = "dwarf-with-dsym";
				ENABLE_NS_ASSERTIONS = NO;
				ENABLE_STRICT_OBJC_MSGSEND = YES;
				GCC_C_LANGUAGE_STANDARD = gnu11;
				GCC_NO_COMMON_BLOCKS = YES;
				GCC_WARN_64_TO_32_BIT_CONVERSION = YES;
				GCC_WARN_ABOUT_RETURN_TYPE = YES_ERROR;
				GCC_WARN_UNDECLARED_SELECTOR = YES;
				GCC_WARN_UNINITIALIZED_AUTOS = YES_AGGRESSIVE;
				GCC_WARN_UNUSED_FUNCTION = YES;
				GCC_WARN_UNUSED_VARIABLE = YES;
				IPHONEOS_DEPLOYMENT_TARGET = 14.3;
				MTL_ENABLE_DEBUG_INFO = NO;
				MTL_FAST_MATH = YES;
				SDKROOT = iphoneos;
				SWIFT_COMPILATION_MODE = wholemodule;
				SWIFT_OPTIMIZATION_LEVEL = "-O";
				VALIDATE_PRODUCT = YES;
			};
			name = Release;
		};
		D2626DF9260B91DC00BD38C1 /* Debug */ = {
			isa = XCBuildConfiguration;
			buildSettings = {
				ASSETCATALOG_COMPILER_APPICON_NAME = AppIcon;
				ASSETCATALOG_COMPILER_GLOBAL_ACCENT_COLOR_NAME = AccentColor;
				CODE_SIGN_STYLE = Automatic;
				DEVELOPMENT_TEAM = QDMU3586GQ;
				INFOPLIST_FILE = PickADriver/Info.plist;
				LD_RUNPATH_SEARCH_PATHS = (
					"$(inherited)",
					"@executable_path/Frameworks",
				);
				PRODUCT_BUNDLE_IDENTIFIER = georgefang.PickADriver;
				PRODUCT_NAME = "$(TARGET_NAME)";
				SWIFT_VERSION = 5.0;
				TARGETED_DEVICE_FAMILY = "1,2";
			};
			name = Debug;
		};
		D2626DFA260B91DC00BD38C1 /* Release */ = {
			isa = XCBuildConfiguration;
			buildSettings = {
				ASSETCATALOG_COMPILER_APPICON_NAME = AppIcon;
				ASSETCATALOG_COMPILER_GLOBAL_ACCENT_COLOR_NAME = AccentColor;
				CODE_SIGN_STYLE = Automatic;
				DEVELOPMENT_TEAM = QDMU3586GQ;
				INFOPLIST_FILE = PickADriver/Info.plist;
				LD_RUNPATH_SEARCH_PATHS = (
					"$(inherited)",
					"@executable_path/Frameworks",
				);
				PRODUCT_BUNDLE_IDENTIFIER = georgefang.PickADriver;
				PRODUCT_NAME = "$(TARGET_NAME)";
				SWIFT_VERSION = 5.0;
				TARGETED_DEVICE_FAMILY = "1,2";
			};
			name = Release;
		};
		D2626DFC260B91DC00BD38C1 /* Debug */ = {
			isa = XCBuildConfiguration;
			buildSettings = {
				ALWAYS_EMBED_SWIFT_STANDARD_LIBRARIES = YES;
				BUNDLE_LOADER = "$(TEST_HOST)";
				CODE_SIGN_STYLE = Automatic;
				DEVELOPMENT_TEAM = QDMU3586GQ;
				INFOPLIST_FILE = PickADriverTests/Info.plist;
				IPHONEOS_DEPLOYMENT_TARGET = 14.3;
				LD_RUNPATH_SEARCH_PATHS = (
					"$(inherited)",
					"@executable_path/Frameworks",
					"@loader_path/Frameworks",
				);
				PRODUCT_BUNDLE_IDENTIFIER = georgefang.PickADriverTests;
				PRODUCT_NAME = "$(TARGET_NAME)";
				SWIFT_VERSION = 5.0;
				TARGETED_DEVICE_FAMILY = "1,2";
				TEST_HOST = "$(BUILT_PRODUCTS_DIR)/PickADriver.app/PickADriver";
			};
			name = Debug;
		};
		D2626DFD260B91DC00BD38C1 /* Release */ = {
			isa = XCBuildConfiguration;
			buildSettings = {
				ALWAYS_EMBED_SWIFT_STANDARD_LIBRARIES = YES;
				BUNDLE_LOADER = "$(TEST_HOST)";
				CODE_SIGN_STYLE = Automatic;
				DEVELOPMENT_TEAM = QDMU3586GQ;
				INFOPLIST_FILE = PickADriverTests/Info.plist;
				IPHONEOS_DEPLOYMENT_TARGET = 14.3;
				LD_RUNPATH_SEARCH_PATHS = (
					"$(inherited)",
					"@executable_path/Frameworks",
					"@loader_path/Frameworks",
				);
				PRODUCT_BUNDLE_IDENTIFIER = georgefang.PickADriverTests;
				PRODUCT_NAME = "$(TARGET_NAME)";
				SWIFT_VERSION = 5.0;
				TARGETED_DEVICE_FAMILY = "1,2";
				TEST_HOST = "$(BUILT_PRODUCTS_DIR)/PickADriver.app/PickADriver";
			};
			name = Release;
		};
		D2626DFF260B91DC00BD38C1 /* Debug */ = {
			isa = XCBuildConfiguration;
			buildSettings = {
				ALWAYS_EMBED_SWIFT_STANDARD_LIBRARIES = YES;
				CODE_SIGN_STYLE = Automatic;
				DEVELOPMENT_TEAM = QDMU3586GQ;
				INFOPLIST_FILE = PickADriverUITests/Info.plist;
				LD_RUNPATH_SEARCH_PATHS = (
					"$(inherited)",
					"@executable_path/Frameworks",
					"@loader_path/Frameworks",
				);
				PRODUCT_BUNDLE_IDENTIFIER = georgefang.PickADriverUITests;
				PRODUCT_NAME = "$(TARGET_NAME)";
				SWIFT_VERSION = 5.0;
				TARGETED_DEVICE_FAMILY = "1,2";
				TEST_TARGET_NAME = PickADriver;
			};
			name = Debug;
		};
		D2626E00260B91DC00BD38C1 /* Release */ = {
			isa = XCBuildConfiguration;
			buildSettings = {
				ALWAYS_EMBED_SWIFT_STANDARD_LIBRARIES = YES;
				CODE_SIGN_STYLE = Automatic;
				DEVELOPMENT_TEAM = QDMU3586GQ;
				INFOPLIST_FILE = PickADriverUITests/Info.plist;
				LD_RUNPATH_SEARCH_PATHS = (
					"$(inherited)",
					"@executable_path/Frameworks",
					"@loader_path/Frameworks",
				);
				PRODUCT_BUNDLE_IDENTIFIER = georgefang.PickADriverUITests;
				PRODUCT_NAME = "$(TARGET_NAME)";
				SWIFT_VERSION = 5.0;
				TARGETED_DEVICE_FAMILY = "1,2";
				TEST_TARGET_NAME = PickADriver;
			};
			name = Release;
		};
/* End XCBuildConfiguration section */

/* Begin XCConfigurationList section */
		D2626DC9260B91D500BD38C1 /* Build configuration list for PBXProject "PickADriver" */ = {
			isa = XCConfigurationList;
			buildConfigurations = (
				D2626DF6260B91DC00BD38C1 /* Debug */,
				D2626DF7260B91DC00BD38C1 /* Release */,
			);
			defaultConfigurationIsVisible = 0;
			defaultConfigurationName = Release;
		};
		D2626DF8260B91DC00BD38C1 /* Build configuration list for PBXNativeTarget "PickADriver" */ = {
			isa = XCConfigurationList;
			buildConfigurations = (
				D2626DF9260B91DC00BD38C1 /* Debug */,
				D2626DFA260B91DC00BD38C1 /* Release */,
			);
			defaultConfigurationIsVisible = 0;
			defaultConfigurationName = Release;
		};
		D2626DFB260B91DC00BD38C1 /* Build configuration list for PBXNativeTarget "PickADriverTests" */ = {
			isa = XCConfigurationList;
			buildConfigurations = (
				D2626DFC260B91DC00BD38C1 /* Debug */,
				D2626DFD260B91DC00BD38C1 /* Release */,
			);
			defaultConfigurationIsVisible = 0;
			defaultConfigurationName = Release;
		};
		D2626DFE260B91DC00BD38C1 /* Build configuration list for PBXNativeTarget "PickADriverUITests" */ = {
			isa = XCConfigurationList;
			buildConfigurations = (
				D2626DFF260B91DC00BD38C1 /* Debug */,
				D2626E00260B91DC00BD38C1 /* Release */,
			);
			defaultConfigurationIsVisible = 0;
			defaultConfigurationName = Release;
		};
/* End XCConfigurationList section */
	};
	rootObject = D2626DC6260B91D500BD38C1 /* Project object */;
}
